github.com/davecgh/go-spew v1.1.1/go.mod h1:J7Y8YcW2NihsgmVo/mv3lAwl/skON4iLHjSsI+c5H38=
github.com/goroute/route v0.0.0-20190710112710-137e786ee98a h1:jW4Wlc8nWT5Jlw9szZk6OOUgkW1u8bJoj9pZ0ujb7mA=
github.com/goroute/route v0.0.0-20190710112710-137e786ee98a/go.mod h1:NbIJ/ugD3lKtySaGZKqTMvxLmUCVD19uZ6HZrZUEQrY=
github.com/pmezard/go-difflib v1.0.0/go.mod h1:iKH77koFhYxTK1pcRnkKkqfTogsbg7gZNVY4sRDYZ/4=
github.com/stretchr/testify v1.2.2/go.mod h1:a8OnRcib4nhh0OaRAV+Yts87kKdq0PP7pXfy6kDkUVs=
